
Microsoft Visual Studio Solution File, Format Version 12.00
# Visual Studio Version 17
VisualStudioVersion = 17.5.33516.290
MinimumVisualStudioVersion = 10.0.40219.1
Project("{9A19103F-16F7-4668-BE54-9A1E7A4F7556}") = "Blog.Web.Mvc", "Blog.Web.Mvc\Blog.Web.Mvc.csproj", "{46A92FEC-F9AB-41E6-9F63-F4250EF2BCE5}"
EndProject
Project("{9A19103F-16F7-4668-BE54-9A1E7A4F7556}") = "Blog.Data", "Blog.Data\Blog.Data.csproj", "{648A8139-07D8-42DB-BB08-F5C683AAF67C}"
EndProject
Project("{9A19103F-16F7-4668-BE54-9A1E7A4F7556}") = "Blog.Business", "Blog.Business\Blog.Business.csproj", "{0A33A7AA-9950-4D45-95DE-B1AC4FEC7830}"
EndProject
Global
	GlobalSection(SolutionConfigurationPlatforms) = preSolution
		Debug|Any CPU = Debug|Any CPU
		Release|Any CPU = Release|Any CPU
	EndGlobalSection
	GlobalSection(ProjectConfigurationPlatforms) = postSolution
		{46A92FEC-F9AB-41E6-9F63-F4250EF2BCE5}.Debug|Any CPU.ActiveCfg = Debug|Any CPU
		{46A92FEC-F9AB-41E6-9F63-F4250EF2BCE5}.Debug|Any CPU.Build.0 = Debug|Any CPU
		{46A92FEC-F9AB-41E6-9F63-F4250EF2BCE5}.Release|Any CPU.ActiveCfg = Release|Any CPU
		{46A92FEC-F9AB-41E6-9F63-F4250EF2BCE5}.Release|Any CPU.Build.0 = Release|Any CPU
		{648A8139-07D8-42DB-BB08-F5C683AAF67C}.Debug|Any CPU.ActiveCfg = Debug|Any CPU
		{648A8139-07D8-42DB-BB08-F5C683AAF67C}.Debug|Any CPU.Build.0 = Debug|Any CPU
		{648A8139-07D8-42DB-BB08-F5C683AAF67C}.Release|Any CPU.ActiveCfg = Release|Any CPU
		{648A8139-07D8-42DB-BB08-F5C683AAF67C}.Release|Any CPU.Build.0 = Release|Any CPU
		{0A33A7AA-9950-4D45-95DE-B1AC4FEC7830}.Debug|Any CPU.ActiveCfg = Debug|Any CPU
		{0A33A7AA-9950-4D45-95DE-B1AC4FEC7830}.Debug|Any CPU.Build.0 = Debug|Any CPU
		{0A33A7AA-9950-4D45-95DE-B1AC4FEC7830}.Release|Any CPU.ActiveCfg = Release|Any CPU
		{0A33A7AA-9950-4D45-95DE-B1AC4FEC7830}.Release|Any CPU.Build.0 = Release|Any CPU
	EndGlobalSection
	GlobalSection(SolutionProperties) = preSolution
		HideSolutionNode = FALSE
	EndGlobalSection
	GlobalSection(ExtensibilityGlobals) = postSolution
		SolutionGuid = {015E158C-34CE-4C46-A032-F236CF591620}
	EndGlobalSection
EndGlobal
